// !$*UTF8*$!
{
	archiveVersion = 1;
	classes = {
	};
	objectVersion = 56;
	objects = {

/* Begin PBXBuildFile section */
		07539A3E29BCD2CD00BF02BB /* Color.swift in Sources */ = {isa = PBXBuildFile; fileRef = 07539A3D29BCD2CD00BF02BB /* Color.swift */; };
		07539A4329BCD83800BF02BB /* View+ViewModifier.swift in Sources */ = {isa = PBXBuildFile; fileRef = 07539A4229BCD83800BF02BB /* View+ViewModifier.swift */; };
		07539A4629BCD94400BF02BB /* HomeView.swift in Sources */ = {isa = PBXBuildFile; fileRef = 07539A4529BCD94400BF02BB /* HomeView.swift */; };
		07539A4B29BCDBAA00BF02BB /* Button+ButtonStyle.swift in Sources */ = {isa = PBXBuildFile; fileRef = 07539A4A29BCDBAA00BF02BB /* Button+ButtonStyle.swift */; };
		07539A4F29BCEBF000BF02BB /* RegisterView.swift in Sources */ = {isa = PBXBuildFile; fileRef = 07539A4E29BCEBF000BF02BB /* RegisterView.swift */; };
		07539A5229BCECDC00BF02BB /* LogoView.swift in Sources */ = {isa = PBXBuildFile; fileRef = 07539A5129BCECDC00BF02BB /* LogoView.swift */; };
		07539A5529BCEE0600BF02BB /* AuthButtonView.swift in Sources */ = {isa = PBXBuildFile; fileRef = 07539A5429BCEE0600BF02BB /* AuthButtonView.swift */; };
		07539A5729BCF45E00BF02BB /* LaunchView.swift in Sources */ = {isa = PBXBuildFile; fileRef = 07539A5629BCF45E00BF02BB /* LaunchView.swift */; };
		D328272F29B6149000B1677A /* ParkHereApp.swift in Sources */ = {isa = PBXBuildFile; fileRef = D328272E29B6149000B1677A /* ParkHereApp.swift */; };
		D328273329B6149200B1677A /* Assets.xcassets in Resources */ = {isa = PBXBuildFile; fileRef = D328273229B6149200B1677A /* Assets.xcassets */; };
		D328273629B6149200B1677A /* Preview Assets.xcassets in Resources */ = {isa = PBXBuildFile; fileRef = D328273529B6149200B1677A /* Preview Assets.xcassets */; };
		D328274629BB5AB100B1677A /* GoogleService-Info.plist in Resources */ = {isa = PBXBuildFile; fileRef = D328274529BB5AB000B1677A /* GoogleService-Info.plist */; };
		D328274929BB5C1A00B1677A /* FirebaseAnalytics in Frameworks */ = {isa = PBXBuildFile; productRef = D328274829BB5C1A00B1677A /* FirebaseAnalytics */; };
		D328274B29BB5C1A00B1677A /* FirebaseAuth in Frameworks */ = {isa = PBXBuildFile; productRef = D328274A29BB5C1A00B1677A /* FirebaseAuth */; };
		D328274D29BB5C1A00B1677A /* FirebaseDatabase in Frameworks */ = {isa = PBXBuildFile; productRef = D328274C29BB5C1A00B1677A /* FirebaseDatabase */; };
		D328274F29BB5C1A00B1677A /* FirebaseFirestore in Frameworks */ = {isa = PBXBuildFile; productRef = D328274E29BB5C1A00B1677A /* FirebaseFirestore */; };
		D328275129BB5C1A00B1677A /* FirebaseStorage in Frameworks */ = {isa = PBXBuildFile; productRef = D328275029BB5C1A00B1677A /* FirebaseStorage */; };
		D328275429BB5E5D00B1677A /* FirebaseFirestoreSwift in Frameworks */ = {isa = PBXBuildFile; productRef = D328275329BB5E5D00B1677A /* FirebaseFirestoreSwift */; };
		D328275629BB5E6400B1677A /* FirebaseDatabaseSwift in Frameworks */ = {isa = PBXBuildFile; productRef = D328275529BB5E6400B1677A /* FirebaseDatabaseSwift */; };
		D371298F29C28C850049C9F6 /* ParkingStruct.swift in Sources */ = {isa = PBXBuildFile; fileRef = D371298E29C28C850049C9F6 /* ParkingStruct.swift */; };
		D371299329C5147F0049C9F6 /* ParkingFirestoreManager.swift in Sources */ = {isa = PBXBuildFile; fileRef = D371299229C5147F0049C9F6 /* ParkingFirestoreManager.swift */; };
		E82B8C5F29C1D27B00E83911 /* AuthManager.swift in Sources */ = {isa = PBXBuildFile; fileRef = E82B8C5E29C1D27B00E83911 /* AuthManager.swift */; };
		E82B8C6129C1D2FF00E83911 /* LoginView.swift in Sources */ = {isa = PBXBuildFile; fileRef = E82B8C6029C1D2FF00E83911 /* LoginView.swift */; };
		E82B8C6429C1D41300E83911 /* GoogleSignIn in Frameworks */ = {isa = PBXBuildFile; productRef = E82B8C6329C1D41300E83911 /* GoogleSignIn */; };
		E82B8C6629C1D41300E83911 /* GoogleSignInSwift in Frameworks */ = {isa = PBXBuildFile; productRef = E82B8C6529C1D41300E83911 /* GoogleSignInSwift */; };
		E8A12D5229C459FA0090F8D8 /* TicketView.swift in Sources */ = {isa = PBXBuildFile; fileRef = E8A12D5129C459FA0090F8D8 /* TicketView.swift */; };
		E8A12D5429C45A020090F8D8 /* ProfilView.swift in Sources */ = {isa = PBXBuildFile; fileRef = E8A12D5329C45A020090F8D8 /* ProfilView.swift */; };
		E8D3E13829C3119600029D7A /* ConceptMainView.swift in Sources */ = {isa = PBXBuildFile; fileRef = E8D3E13729C3119600029D7A /* ConceptMainView.swift */; };
		E8D3E13A29C31BBF00029D7A /* Image.swift in Sources */ = {isa = PBXBuildFile; fileRef = E8D3E13929C31BBF00029D7A /* Image.swift */; };
		E8D3E13E29C333DB00029D7A /* ParkingSearchView.swift in Sources */ = {isa = PBXBuildFile; fileRef = E8D3E13D29C333DB00029D7A /* ParkingSearchView.swift */; };
		E8D3E14229C33B6A00029D7A /* TabBarView.swift in Sources */ = {isa = PBXBuildFile; fileRef = E8D3E14129C33B6A00029D7A /* TabBarView.swift */; };
/* End PBXBuildFile section */

/* Begin PBXFileReference section */
		07539A3D29BCD2CD00BF02BB /* Color.swift */ = {isa = PBXFileReference; lastKnownFileType = sourcecode.swift; path = Color.swift; sourceTree = "<group>"; };
		07539A4229BCD83800BF02BB /* View+ViewModifier.swift */ = {isa = PBXFileReference; lastKnownFileType = sourcecode.swift; path = "View+ViewModifier.swift"; sourceTree = "<group>"; };
		07539A4529BCD94400BF02BB /* HomeView.swift */ = {isa = PBXFileReference; lastKnownFileType = sourcecode.swift; path = HomeView.swift; sourceTree = "<group>"; };
		07539A4A29BCDBAA00BF02BB /* Button+ButtonStyle.swift */ = {isa = PBXFileReference; lastKnownFileType = sourcecode.swift; path = "Button+ButtonStyle.swift"; sourceTree = "<group>"; };
		07539A4E29BCEBF000BF02BB /* RegisterView.swift */ = {isa = PBXFileReference; lastKnownFileType = sourcecode.swift; path = RegisterView.swift; sourceTree = "<group>"; };
		07539A5129BCECDC00BF02BB /* LogoView.swift */ = {isa = PBXFileReference; lastKnownFileType = sourcecode.swift; path = LogoView.swift; sourceTree = "<group>"; };
		07539A5429BCEE0600BF02BB /* AuthButtonView.swift */ = {isa = PBXFileReference; lastKnownFileType = sourcecode.swift; path = AuthButtonView.swift; sourceTree = "<group>"; };
		07539A5629BCF45E00BF02BB /* LaunchView.swift */ = {isa = PBXFileReference; lastKnownFileType = sourcecode.swift; path = LaunchView.swift; sourceTree = "<group>"; };
		D328272B29B6149000B1677A /* ParkHere.app */ = {isa = PBXFileReference; explicitFileType = wrapper.application; includeInIndex = 0; path = ParkHere.app; sourceTree = BUILT_PRODUCTS_DIR; };
		D328272E29B6149000B1677A /* ParkHereApp.swift */ = {isa = PBXFileReference; lastKnownFileType = sourcecode.swift; path = ParkHereApp.swift; sourceTree = "<group>"; };
		D328273229B6149200B1677A /* Assets.xcassets */ = {isa = PBXFileReference; lastKnownFileType = folder.assetcatalog; path = Assets.xcassets; sourceTree = "<group>"; };
		D328273529B6149200B1677A /* Preview Assets.xcassets */ = {isa = PBXFileReference; lastKnownFileType = folder.assetcatalog; path = "Preview Assets.xcassets"; sourceTree = "<group>"; };
		D328274529BB5AB000B1677A /* GoogleService-Info.plist */ = {isa = PBXFileReference; fileEncoding = 4; lastKnownFileType = text.plist.xml; path = "GoogleService-Info.plist"; sourceTree = "<group>"; };
		D371298E29C28C850049C9F6 /* ParkingStruct.swift */ = {isa = PBXFileReference; lastKnownFileType = sourcecode.swift; path = ParkingStruct.swift; sourceTree = "<group>"; };
		D371299229C5147F0049C9F6 /* ParkingFirestoreManager.swift */ = {isa = PBXFileReference; lastKnownFileType = sourcecode.swift; path = ParkingFirestoreManager.swift; sourceTree = "<group>"; };
		E82B8C5E29C1D27B00E83911 /* AuthManager.swift */ = {isa = PBXFileReference; lastKnownFileType = sourcecode.swift; path = AuthManager.swift; sourceTree = "<group>"; };
		E82B8C6029C1D2FF00E83911 /* LoginView.swift */ = {isa = PBXFileReference; lastKnownFileType = sourcecode.swift; path = LoginView.swift; sourceTree = "<group>"; };
		E82B8C6729C1D44A00E83911 /* Info.plist */ = {isa = PBXFileReference; lastKnownFileType = text.plist; path = Info.plist; sourceTree = "<group>"; };
		E8A12D5129C459FA0090F8D8 /* TicketView.swift */ = {isa = PBXFileReference; lastKnownFileType = sourcecode.swift; path = TicketView.swift; sourceTree = "<group>"; };
		E8A12D5329C45A020090F8D8 /* ProfilView.swift */ = {isa = PBXFileReference; lastKnownFileType = sourcecode.swift; path = ProfilView.swift; sourceTree = "<group>"; };
		E8D3E13729C3119600029D7A /* ConceptMainView.swift */ = {isa = PBXFileReference; lastKnownFileType = sourcecode.swift; path = ConceptMainView.swift; sourceTree = "<group>"; };
		E8D3E13929C31BBF00029D7A /* Image.swift */ = {isa = PBXFileReference; lastKnownFileType = sourcecode.swift; path = Image.swift; sourceTree = "<group>"; };
		E8D3E13D29C333DB00029D7A /* ParkingSearchView.swift */ = {isa = PBXFileReference; lastKnownFileType = sourcecode.swift; path = ParkingSearchView.swift; sourceTree = "<group>"; };
		E8D3E14129C33B6A00029D7A /* TabBarView.swift */ = {isa = PBXFileReference; lastKnownFileType = sourcecode.swift; path = TabBarView.swift; sourceTree = "<group>"; };
/* End PBXFileReference section */

/* Begin PBXFrameworksBuildPhase section */
		D328272829B6149000B1677A /* Frameworks */ = {
			isa = PBXFrameworksBuildPhase;
			buildActionMask = 2147483647;
			files = (
				E82B8C6629C1D41300E83911 /* GoogleSignInSwift in Frameworks */,
				D328275629BB5E6400B1677A /* FirebaseDatabaseSwift in Frameworks */,
				E82B8C6429C1D41300E83911 /* GoogleSignIn in Frameworks */,
				D328274D29BB5C1A00B1677A /* FirebaseDatabase in Frameworks */,
				D328274F29BB5C1A00B1677A /* FirebaseFirestore in Frameworks */,
				D328274929BB5C1A00B1677A /* FirebaseAnalytics in Frameworks */,
				D328275129BB5C1A00B1677A /* FirebaseStorage in Frameworks */,
				D328274B29BB5C1A00B1677A /* FirebaseAuth in Frameworks */,
				D328275429BB5E5D00B1677A /* FirebaseFirestoreSwift in Frameworks */,
			);
			runOnlyForDeploymentPostprocessing = 0;
		};
/* End PBXFrameworksBuildPhase section */

/* Begin PBXGroup section */
		07539A3429BCB08F00BF02BB /* Views */ = {
			isa = PBXGroup;
			children = (
				07539A5029BCECC300BF02BB /* Components */,
				07539A3529BCB09700BF02BB /* Launch */,
				07539A4429BCD93800BF02BB /* Core */,
			);
			path = Views;
			sourceTree = "<group>";
		};
		07539A3529BCB09700BF02BB /* Launch */ = {
			isa = PBXGroup;
			children = (
				07539A5629BCF45E00BF02BB /* LaunchView.swift */,
				E82B8C6029C1D2FF00E83911 /* LoginView.swift */,
				07539A4E29BCEBF000BF02BB /* RegisterView.swift */,
			);
			path = Launch;
			sourceTree = "<group>";
		};
		07539A3B29BCD2BA00BF02BB /* Resources */ = {
			isa = PBXGroup;
			children = (
				07539A3C29BCD2C600BF02BB /* Extensions */,
			);
			path = Resources;
			sourceTree = "<group>";
		};
		07539A3C29BCD2C600BF02BB /* Extensions */ = {
			isa = PBXGroup;
			children = (
				07539A4A29BCDBAA00BF02BB /* Button+ButtonStyle.swift */,
				07539A3D29BCD2CD00BF02BB /* Color.swift */,
				E8D3E13929C31BBF00029D7A /* Image.swift */,
				07539A4229BCD83800BF02BB /* View+ViewModifier.swift */,
			);
			path = Extensions;
			sourceTree = "<group>";
		};
		07539A4429BCD93800BF02BB /* Core */ = {
			isa = PBXGroup;
			children = (
				E8A12D4F29C459740090F8D8 /* Ticket */,
				D3C6031129C25A3E0071286E /* Main */,
				E8A12D5029C4597C0090F8D8 /* Profile */,
			);
			path = Core;
			sourceTree = "<group>";
		};
		07539A5029BCECC300BF02BB /* Components */ = {
			isa = PBXGroup;
			children = (
				07539A5329BCEDF100BF02BB /* Buttons */,
				E8D3E13F29C33B4900029D7A /* Parking */,
				E8D3E14029C33B6000029D7A /* Navigation */,
				07539A5129BCECDC00BF02BB /* LogoView.swift */,
			);
			path = Components;
			sourceTree = "<group>";
		};
		07539A5329BCEDF100BF02BB /* Buttons */ = {
			isa = PBXGroup;
			children = (
				07539A5429BCEE0600BF02BB /* AuthButtonView.swift */,
			);
			path = Buttons;
			sourceTree = "<group>";
		};
		D328272229B6149000B1677A = {
			isa = PBXGroup;
			children = (
				D328272D29B6149000B1677A /* ParkHere */,
				D328272C29B6149000B1677A /* Products */,
				D328275229BB5E5D00B1677A /* Frameworks */,
			);
			sourceTree = "<group>";
		};
		D328272C29B6149000B1677A /* Products */ = {
			isa = PBXGroup;
			children = (
				D328272B29B6149000B1677A /* ParkHere.app */,
			);
			name = Products;
			sourceTree = "<group>";
		};
		D328272D29B6149000B1677A /* ParkHere */ = {
			isa = PBXGroup;
			children = (
				D328272E29B6149000B1677A /* ParkHereApp.swift */,
				07539A3B29BCD2BA00BF02BB /* Resources */,
				E82B8C5C29C1D15F00E83911 /* Sources */,
				07539A3429BCB08F00BF02BB /* Views */,
				D328273229B6149200B1677A /* Assets.xcassets */,
				E82B8C6729C1D44A00E83911 /* Info.plist */,
				D328274529BB5AB000B1677A /* GoogleService-Info.plist */,
				D328273429B6149200B1677A /* Preview Content */,
			);
			path = ParkHere;
			sourceTree = "<group>";
		};
		D328273429B6149200B1677A /* Preview Content */ = {
			isa = PBXGroup;
			children = (
				D328273529B6149200B1677A /* Preview Assets.xcassets */,
			);
			path = "Preview Content";
			sourceTree = "<group>";
		};
		D328275229BB5E5D00B1677A /* Frameworks */ = {
			isa = PBXGroup;
			children = (
			);
			name = Frameworks;
			sourceTree = "<group>";
		};
		D371298D29C28C570049C9F6 /* Structs */ = {
			isa = PBXGroup;
			children = (
				D371298E29C28C850049C9F6 /* ParkingStruct.swift */,
			);
			path = Structs;
			sourceTree = "<group>";
		};
		D3C6031129C25A3E0071286E /* Main */ = {
			isa = PBXGroup;
			children = (
				07539A4529BCD94400BF02BB /* HomeView.swift */,
				E8D3E13729C3119600029D7A /* ConceptMainView.swift */,
			);
			path = Main;
			sourceTree = "<group>";
		};
		E82B8C5C29C1D15F00E83911 /* Sources */ = {
			isa = PBXGroup;
			children = (
				E82B8C5D29C1D26900E83911 /* Manager */,
				D371298D29C28C570049C9F6 /* Structs */,
			);
			path = Sources;
			sourceTree = "<group>";
		};
		E82B8C5D29C1D26900E83911 /* Manager */ = {
			isa = PBXGroup;
			children = (
				E82B8C5E29C1D27B00E83911 /* AuthManager.swift */,
				D371299229C5147F0049C9F6 /* ParkingFirestoreManager.swift */,
			);
			path = Manager;
			sourceTree = "<group>";
		};
		E8A12D4F29C459740090F8D8 /* Ticket */ = {
			isa = PBXGroup;
			children = (
				E8A12D5129C459FA0090F8D8 /* TicketView.swift */,
			);
			path = Ticket;
			sourceTree = "<group>";
		};
		E8A12D5029C4597C0090F8D8 /* Profile */ = {
			isa = PBXGroup;
			children = (
				E8A12D5329C45A020090F8D8 /* ProfilView.swift */,
			);
			path = Profile;
			sourceTree = "<group>";
		};
		E8D3E13F29C33B4900029D7A /* Parking */ = {
			isa = PBXGroup;
			children = (
				E8D3E13D29C333DB00029D7A /* ParkingSearchView.swift */,
			);
			path = Parking;
			sourceTree = "<group>";
		};
		E8D3E14029C33B6000029D7A /* Navigation */ = {
			isa = PBXGroup;
			children = (
				E8D3E14129C33B6A00029D7A /* TabBarView.swift */,
			);
			path = Navigation;
			sourceTree = "<group>";
		};
/* End PBXGroup section */

/* Begin PBXNativeTarget section */
		D328272A29B6149000B1677A /* ParkHere */ = {
			isa = PBXNativeTarget;
			buildConfigurationList = D328273929B6149200B1677A /* Build configuration list for PBXNativeTarget "ParkHere" */;
			buildPhases = (
				D328272729B6149000B1677A /* Sources */,
				D328272829B6149000B1677A /* Frameworks */,
				D328272929B6149000B1677A /* Resources */,
			);
			buildRules = (
			);
			dependencies = (
			);
			name = ParkHere;
			packageProductDependencies = (
				D328274829BB5C1A00B1677A /* FirebaseAnalytics */,
				D328274A29BB5C1A00B1677A /* FirebaseAuth */,
				D328274C29BB5C1A00B1677A /* FirebaseDatabase */,
				D328274E29BB5C1A00B1677A /* FirebaseFirestore */,
				D328275029BB5C1A00B1677A /* FirebaseStorage */,
				D328275329BB5E5D00B1677A /* FirebaseFirestoreSwift */,
				D328275529BB5E6400B1677A /* FirebaseDatabaseSwift */,
				E82B8C6329C1D41300E83911 /* GoogleSignIn */,
				E82B8C6529C1D41300E83911 /* GoogleSignInSwift */,
			);
			productName = ParkHere;
			productReference = D328272B29B6149000B1677A /* ParkHere.app */;
			productType = "com.apple.product-type.application";
		};
/* End PBXNativeTarget section */

/* Begin PBXProject section */
		D328272329B6149000B1677A /* Project object */ = {
			isa = PBXProject;
			attributes = {
				BuildIndependentTargetsInParallel = 1;
				LastSwiftUpdateCheck = 1420;
				LastUpgradeCheck = 1420;
				TargetAttributes = {
					D328272A29B6149000B1677A = {
						CreatedOnToolsVersion = 14.2;
					};
				};
			};
			buildConfigurationList = D328272629B6149000B1677A /* Build configuration list for PBXProject "ParkHere" */;
			compatibilityVersion = "Xcode 14.0";
			developmentRegion = en;
			hasScannedForEncodings = 0;
			knownRegions = (
				en,
				Base,
			);
			mainGroup = D328272229B6149000B1677A;
			packageReferences = (
				D328274729BB5C1A00B1677A /* XCRemoteSwiftPackageReference "firebase-ios-sdk" */,
				E82B8C6229C1D41300E83911 /* XCRemoteSwiftPackageReference "GoogleSignIn-iOS" */,
			);
			productRefGroup = D328272C29B6149000B1677A /* Products */;
			projectDirPath = "";
			projectRoot = "";
			targets = (
				D328272A29B6149000B1677A /* ParkHere */,
			);
		};
/* End PBXProject section */

/* Begin PBXResourcesBuildPhase section */
		D328272929B6149000B1677A /* Resources */ = {
			isa = PBXResourcesBuildPhase;
			buildActionMask = 2147483647;
			files = (
				D328273629B6149200B1677A /* Preview Assets.xcassets in Resources */,
				D328273329B6149200B1677A /* Assets.xcassets in Resources */,
				D328274629BB5AB100B1677A /* GoogleService-Info.plist in Resources */,
			);
			runOnlyForDeploymentPostprocessing = 0;
		};
/* End PBXResourcesBuildPhase section */

/* Begin PBXSourcesBuildPhase section */
		D328272729B6149000B1677A /* Sources */ = {
			isa = PBXSourcesBuildPhase;
			buildActionMask = 2147483647;
			files = (
				07539A5529BCEE0600BF02BB /* AuthButtonView.swift in Sources */,
				E82B8C5F29C1D27B00E83911 /* AuthManager.swift in Sources */,
				07539A5729BCF45E00BF02BB /* LaunchView.swift in Sources */,
				07539A4F29BCEBF000BF02BB /* RegisterView.swift in Sources */,
				D371298F29C28C850049C9F6 /* ParkingStruct.swift in Sources */,
				07539A5229BCECDC00BF02BB /* LogoView.swift in Sources */,
				E8A12D5429C45A020090F8D8 /* ProfilView.swift in Sources */,
				E82B8C6129C1D2FF00E83911 /* LoginView.swift in Sources */,
				E8D3E13829C3119600029D7A /* ConceptMainView.swift in Sources */,
				E8D3E13E29C333DB00029D7A /* ParkingSearchView.swift in Sources */,
				07539A4629BCD94400BF02BB /* HomeView.swift in Sources */,
				E8D3E14229C33B6A00029D7A /* TabBarView.swift in Sources */,
				E8D3E13A29C31BBF00029D7A /* Image.swift in Sources */,
				E8A12D5229C459FA0090F8D8 /* TicketView.swift in Sources */,
				07539A4329BCD83800BF02BB /* View+ViewModifier.swift in Sources */,
				D371299329C5147F0049C9F6 /* ParkingFirestoreManager.swift in Sources */,
				07539A4B29BCDBAA00BF02BB /* Button+ButtonStyle.swift in Sources */,
				07539A3E29BCD2CD00BF02BB /* Color.swift in Sources */,
				D328272F29B6149000B1677A /* ParkHereApp.swift in Sources */,
			);
			runOnlyForDeploymentPostprocessing = 0;
		};
/* End PBXSourcesBuildPhase section */

/* Begin XCBuildConfiguration section */
		D328273729B6149200B1677A /* Debug */ = {
			isa = XCBuildConfiguration;
			buildSettings = {
				ALWAYS_SEARCH_USER_PATHS = NO;
				CLANG_ANALYZER_NONNULL = YES;
				CLANG_ANALYZER_NUMBER_OBJECT_CONVERSION = YES_AGGRESSIVE;
				CLANG_CXX_LANGUAGE_STANDARD = "gnu++20";
				CLANG_ENABLE_MODULES = YES;
				CLANG_ENABLE_OBJC_ARC = YES;
				CLANG_ENABLE_OBJC_WEAK = YES;
				CLANG_WARN_BLOCK_CAPTURE_AUTORELEASING = YES;
				CLANG_WARN_BOOL_CONVERSION = YES;
				CLANG_WARN_COMMA = YES;
				CLANG_WARN_CONSTANT_CONVERSION = YES;
				CLANG_WARN_DEPRECATED_OBJC_IMPLEMENTATIONS = YES;
				CLANG_WARN_DIRECT_OBJC_ISA_USAGE = YES_ERROR;
				CLANG_WARN_DOCUMENTATION_COMMENTS = YES;
				CLANG_WARN_EMPTY_BODY = YES;
				CLANG_WARN_ENUM_CONVERSION = YES;
				CLANG_WARN_INFINITE_RECURSION = YES;
				CLANG_WARN_INT_CONVERSION = YES;
				CLANG_WARN_NON_LITERAL_NULL_CONVERSION = YES;
				CLANG_WARN_OBJC_IMPLICIT_RETAIN_SELF = YES;
				CLANG_WARN_OBJC_LITERAL_CONVERSION = YES;
				CLANG_WARN_OBJC_ROOT_CLASS = YES_ERROR;
				CLANG_WARN_QUOTED_INCLUDE_IN_FRAMEWORK_HEADER = YES;
				CLANG_WARN_RANGE_LOOP_ANALYSIS = YES;
				CLANG_WARN_STRICT_PROTOTYPES = YES;
				CLANG_WARN_SUSPICIOUS_MOVE = YES;
				CLANG_WARN_UNGUARDED_AVAILABILITY = YES_AGGRESSIVE;
				CLANG_WARN_UNREACHABLE_CODE = YES;
				CLANG_WARN__DUPLICATE_METHOD_MATCH = YES;
				COPY_PHASE_STRIP = NO;
				DEBUG_INFORMATION_FORMAT = dwarf;
				ENABLE_STRICT_OBJC_MSGSEND = YES;
				ENABLE_TESTABILITY = YES;
				GCC_C_LANGUAGE_STANDARD = gnu11;
				GCC_DYNAMIC_NO_PIC = NO;
				GCC_NO_COMMON_BLOCKS = YES;
				GCC_OPTIMIZATION_LEVEL = 0;
				GCC_PREPROCESSOR_DEFINITIONS = (
					"DEBUG=1",
					"$(inherited)",
				);
				GCC_WARN_64_TO_32_BIT_CONVERSION = YES;
				GCC_WARN_ABOUT_RETURN_TYPE = YES_ERROR;
				GCC_WARN_UNDECLARED_SELECTOR = YES;
				GCC_WARN_UNINITIALIZED_AUTOS = YES_AGGRESSIVE;
				GCC_WARN_UNUSED_FUNCTION = YES;
				GCC_WARN_UNUSED_VARIABLE = YES;
				IPHONEOS_DEPLOYMENT_TARGET = 16.2;
				MTL_ENABLE_DEBUG_INFO = INCLUDE_SOURCE;
				MTL_FAST_MATH = YES;
				ONLY_ACTIVE_ARCH = YES;
				SDKROOT = iphoneos;
				SWIFT_ACTIVE_COMPILATION_CONDITIONS = DEBUG;
				SWIFT_OPTIMIZATION_LEVEL = "-Onone";
			};
			name = Debug;
		};
		D328273829B6149200B1677A /* Release */ = {
			isa = XCBuildConfiguration;
			buildSettings = {
				ALWAYS_SEARCH_USER_PATHS = NO;
				CLANG_ANALYZER_NONNULL = YES;
				CLANG_ANALYZER_NUMBER_OBJECT_CONVERSION = YES_AGGRESSIVE;
				CLANG_CXX_LANGUAGE_STANDARD = "gnu++20";
				CLANG_ENABLE_MODULES = YES;
				CLANG_ENABLE_OBJC_ARC = YES;
				CLANG_ENABLE_OBJC_WEAK = YES;
				CLANG_WARN_BLOCK_CAPTURE_AUTORELEASING = YES;
				CLANG_WARN_BOOL_CONVERSION = YES;
				CLANG_WARN_COMMA = YES;
				CLANG_WARN_CONSTANT_CONVERSION = YES;
				CLANG_WARN_DEPRECATED_OBJC_IMPLEMENTATIONS = YES;
				CLANG_WARN_DIRECT_OBJC_ISA_USAGE = YES_ERROR;
				CLANG_WARN_DOCUMENTATION_COMMENTS = YES;
				CLANG_WARN_EMPTY_BODY = YES;
				CLANG_WARN_ENUM_CONVERSION = YES;
				CLANG_WARN_INFINITE_RECURSION = YES;
				CLANG_WARN_INT_CONVERSION = YES;
				CLANG_WARN_NON_LITERAL_NULL_CONVERSION = YES;
				CLANG_WARN_OBJC_IMPLICIT_RETAIN_SELF = YES;
				CLANG_WARN_OBJC_LITERAL_CONVERSION = YES;
				CLANG_WARN_OBJC_ROOT_CLASS = YES_ERROR;
				CLANG_WARN_QUOTED_INCLUDE_IN_FRAMEWORK_HEADER = YES;
				CLANG_WARN_RANGE_LOOP_ANALYSIS = YES;
				CLANG_WARN_STRICT_PROTOTYPES = YES;
				CLANG_WARN_SUSPICIOUS_MOVE = YES;
				CLANG_WARN_UNGUARDED_AVAILABILITY = YES_AGGRESSIVE;
				CLANG_WARN_UNREACHABLE_CODE = YES;
				CLANG_WARN__DUPLICATE_METHOD_MATCH = YES;
				COPY_PHASE_STRIP = NO;
				DEBUG_INFORMATION_FORMAT = "dwarf-with-dsym";
				ENABLE_NS_ASSERTIONS = NO;
				ENABLE_STRICT_OBJC_MSGSEND = YES;
				GCC_C_LANGUAGE_STANDARD = gnu11;
				GCC_NO_COMMON_BLOCKS = YES;
				GCC_WARN_64_TO_32_BIT_CONVERSION = YES;
				GCC_WARN_ABOUT_RETURN_TYPE = YES_ERROR;
				GCC_WARN_UNDECLARED_SELECTOR = YES;
				GCC_WARN_UNINITIALIZED_AUTOS = YES_AGGRESSIVE;
				GCC_WARN_UNUSED_FUNCTION = YES;
				GCC_WARN_UNUSED_VARIABLE = YES;
				IPHONEOS_DEPLOYMENT_TARGET = 16.2;
				MTL_ENABLE_DEBUG_INFO = NO;
				MTL_FAST_MATH = YES;
				SDKROOT = iphoneos;
				SWIFT_COMPILATION_MODE = wholemodule;
				SWIFT_OPTIMIZATION_LEVEL = "-O";
				VALIDATE_PRODUCT = YES;
			};
			name = Release;
		};
		D328273A29B6149200B1677A /* Debug */ = {
			isa = XCBuildConfiguration;
			buildSettings = {
				ASSETCATALOG_COMPILER_APPICON_NAME = AppIcon;
				ASSETCATALOG_COMPILER_GLOBAL_ACCENT_COLOR_NAME = AccentColor;
				CODE_SIGN_STYLE = Automatic;
				CURRENT_PROJECT_VERSION = 1;
				DEVELOPMENT_ASSET_PATHS = "\"ParkHere/Preview Content\"";
				DEVELOPMENT_TEAM = 8S5QQT5ZUQ;
				ENABLE_PREVIEWS = YES;
				GENERATE_INFOPLIST_FILE = YES;
				INFOPLIST_FILE = ParkHere/Info.plist;
				INFOPLIST_KEY_UIApplicationSupportsIndirectInputEvents = YES;
				INFOPLIST_KEY_UILaunchScreen_Generation = YES;
				INFOPLIST_KEY_UISupportedInterfaceOrientations_iPad = "UIInterfaceOrientationPortrait UIInterfaceOrientationPortraitUpsideDown UIInterfaceOrientationLandscapeLeft UIInterfaceOrientationLandscapeRight";
				INFOPLIST_KEY_UISupportedInterfaceOrientations_iPhone = "UIInterfaceOrientationPortrait UIInterfaceOrientationLandscapeLeft UIInterfaceOrientationLandscapeRight";
				LD_RUNPATH_SEARCH_PATHS = (
					"$(inherited)",
					"@executable_path/Frameworks",
				);
				MARKETING_VERSION = 1.0;
				PRODUCT_BUNDLE_IDENTIFIER = JakubPrus.ParkHere;
				PRODUCT_NAME = "$(TARGET_NAME)";
				SWIFT_EMIT_LOC_STRINGS = YES;
				SWIFT_VERSION = 5.0;
				TARGETED_DEVICE_FAMILY = "1,2";
			};
			name = Debug;
		};
		D328273B29B6149200B1677A /* Release */ = {
			isa = XCBuildConfiguration;
			buildSettings = {
				ASSETCATALOG_COMPILER_APPICON_NAME = AppIcon;
				ASSETCATALOG_COMPILER_GLOBAL_ACCENT_COLOR_NAME = AccentColor;
				CODE_SIGN_STYLE = Automatic;
				CURRENT_PROJECT_VERSION = 1;
				DEVELOPMENT_ASSET_PATHS = "\"ParkHere/Preview Content\"";
				DEVELOPMENT_TEAM = 8S5QQT5ZUQ;
				ENABLE_PREVIEWS = YES;
				GENERATE_INFOPLIST_FILE = YES;
				INFOPLIST_FILE = ParkHere/Info.plist;
				INFOPLIST_KEY_UIApplicationSupportsIndirectInputEvents = YES;
				INFOPLIST_KEY_UILaunchScreen_Generation = YES;
				INFOPLIST_KEY_UISupportedInterfaceOrientations_iPad = "UIInterfaceOrientationPortrait UIInterfaceOrientationPortraitUpsideDown UIInterfaceOrientationLandscapeLeft UIInterfaceOrientationLandscapeRight";
				INFOPLIST_KEY_UISupportedInterfaceOrientations_iPhone = "UIInterfaceOrientationPortrait UIInterfaceOrientationLandscapeLeft UIInterfaceOrientationLandscapeRight";
				LD_RUNPATH_SEARCH_PATHS = (
					"$(inherited)",
					"@executable_path/Frameworks",
				);
				MARKETING_VERSION = 1.0;
				PRODUCT_BUNDLE_IDENTIFIER = JakubPrus.ParkHere;
				PRODUCT_NAME = "$(TARGET_NAME)";
				SWIFT_EMIT_LOC_STRINGS = YES;
				SWIFT_VERSION = 5.0;
				TARGETED_DEVICE_FAMILY = "1,2";
			};
			name = Release;
		};
/* End XCBuildConfiguration section */

/* Begin XCConfigurationList section */
		D328272629B6149000B1677A /* Build configuration list for PBXProject "ParkHere" */ = {
			isa = XCConfigurationList;
			buildConfigurations = (
				D328273729B6149200B1677A /* Debug */,
				D328273829B6149200B1677A /* Release */,
			);
			defaultConfigurationIsVisible = 0;
			defaultConfigurationName = Release;
		};
		D328273929B6149200B1677A /* Build configuration list for PBXNativeTarget "ParkHere" */ = {
			isa = XCConfigurationList;
			buildConfigurations = (
				D328273A29B6149200B1677A /* Debug */,
				D328273B29B6149200B1677A /* Release */,
			);
			defaultConfigurationIsVisible = 0;
			defaultConfigurationName = Release;
		};
/* End XCConfigurationList section */

/* Begin XCRemoteSwiftPackageReference section */
		D328274729BB5C1A00B1677A /* XCRemoteSwiftPackageReference "firebase-ios-sdk" */ = {
			isa = XCRemoteSwiftPackageReference;
			repositoryURL = "https://github.com/firebase/firebase-ios-sdk";
			requirement = {
				branch = master;
				kind = branch;
			};
		};
		E82B8C6229C1D41300E83911 /* XCRemoteSwiftPackageReference "GoogleSignIn-iOS" */ = {
			isa = XCRemoteSwiftPackageReference;
			repositoryURL = "https://github.com/google/GoogleSignIn-iOS";
			requirement = {
				kind = upToNextMajorVersion;
				minimumVersion = 7.0.0;
			};
		};
/* End XCRemoteSwiftPackageReference section */

/* Begin XCSwiftPackageProductDependency section */
		D328274829BB5C1A00B1677A /* FirebaseAnalytics */ = {
			isa = XCSwiftPackageProductDependency;
			package = D328274729BB5C1A00B1677A /* XCRemoteSwiftPackageReference "firebase-ios-sdk" */;
			productName = FirebaseAnalytics;
		};
		D328274A29BB5C1A00B1677A /* FirebaseAuth */ = {
			isa = XCSwiftPackageProductDependency;
			package = D328274729BB5C1A00B1677A /* XCRemoteSwiftPackageReference "firebase-ios-sdk" */;
			productName = FirebaseAuth;
		};
		D328274C29BB5C1A00B1677A /* FirebaseDatabase */ = {
			isa = XCSwiftPackageProductDependency;
			package = D328274729BB5C1A00B1677A /* XCRemoteSwiftPackageReference "firebase-ios-sdk" */;
			productName = FirebaseDatabase;
		};
		D328274E29BB5C1A00B1677A /* FirebaseFirestore */ = {
			isa = XCSwiftPackageProductDependency;
			package = D328274729BB5C1A00B1677A /* XCRemoteSwiftPackageReference "firebase-ios-sdk" */;
			productName = FirebaseFirestore;
		};
		D328275029BB5C1A00B1677A /* FirebaseStorage */ = {
			isa = XCSwiftPackageProductDependency;
			package = D328274729BB5C1A00B1677A /* XCRemoteSwiftPackageReference "firebase-ios-sdk" */;
			productName = FirebaseStorage;
		};
		D328275329BB5E5D00B1677A /* FirebaseFirestoreSwift */ = {
			isa = XCSwiftPackageProductDependency;
			package = D328274729BB5C1A00B1677A /* XCRemoteSwiftPackageReference "firebase-ios-sdk" */;
			productName = FirebaseFirestoreSwift;
		};
		D328275529BB5E6400B1677A /* FirebaseDatabaseSwift */ = {
			isa = XCSwiftPackageProductDependency;
			package = D328274729BB5C1A00B1677A /* XCRemoteSwiftPackageReference "firebase-ios-sdk" */;
			productName = FirebaseDatabaseSwift;
		};
		E82B8C6329C1D41300E83911 /* GoogleSignIn */ = {
			isa = XCSwiftPackageProductDependency;
			package = E82B8C6229C1D41300E83911 /* XCRemoteSwiftPackageReference "GoogleSignIn-iOS" */;
			productName = GoogleSignIn;
		};
		E82B8C6529C1D41300E83911 /* GoogleSignInSwift */ = {
			isa = XCSwiftPackageProductDependency;
			package = E82B8C6229C1D41300E83911 /* XCRemoteSwiftPackageReference "GoogleSignIn-iOS" */;
			productName = GoogleSignInSwift;
		};
/* End XCSwiftPackageProductDependency section */
	};
	rootObject = D328272329B6149000B1677A /* Project object */;
}
