// !$*UTF8*$!
{
	archiveVersion = 1;
	classes = {
	};
	objectVersion = 56;
	objects = {

/* Begin PBXBuildFile section */
		07539A3829BCB0AA00BF02BB /* AuthManager.swift in Sources */ = {isa = PBXBuildFile; fileRef = 07539A3729BCB0AA00BF02BB /* AuthManager.swift */; };
		07539A3A29BCB0B200BF02BB /* LoginView.swift in Sources */ = {isa = PBXBuildFile; fileRef = 07539A3929BCB0B200BF02BB /* LoginView.swift */; };
		D328272F29B6149000B1677A /* ParkHereApp.swift in Sources */ = {isa = PBXBuildFile; fileRef = D328272E29B6149000B1677A /* ParkHereApp.swift */; };
		D328273129B6149000B1677A /* ContentView.swift in Sources */ = {isa = PBXBuildFile; fileRef = D328273029B6149000B1677A /* ContentView.swift */; };
		D328273329B6149200B1677A /* Assets.xcassets in Resources */ = {isa = PBXBuildFile; fileRef = D328273229B6149200B1677A /* Assets.xcassets */; };
		D328273629B6149200B1677A /* Preview Assets.xcassets in Resources */ = {isa = PBXBuildFile; fileRef = D328273529B6149200B1677A /* Preview Assets.xcassets */; };
		D328274629BB5AB100B1677A /* GoogleService-Info.plist in Resources */ = {isa = PBXBuildFile; fileRef = D328274529BB5AB000B1677A /* GoogleService-Info.plist */; };
		D328274929BB5C1A00B1677A /* FirebaseAnalytics in Frameworks */ = {isa = PBXBuildFile; productRef = D328274829BB5C1A00B1677A /* FirebaseAnalytics */; };
		D328274B29BB5C1A00B1677A /* FirebaseAuth in Frameworks */ = {isa = PBXBuildFile; productRef = D328274A29BB5C1A00B1677A /* FirebaseAuth */; };
		D328274D29BB5C1A00B1677A /* FirebaseDatabase in Frameworks */ = {isa = PBXBuildFile; productRef = D328274C29BB5C1A00B1677A /* FirebaseDatabase */; };
		D328274F29BB5C1A00B1677A /* FirebaseFirestore in Frameworks */ = {isa = PBXBuildFile; productRef = D328274E29BB5C1A00B1677A /* FirebaseFirestore */; };
		D328275129BB5C1A00B1677A /* FirebaseStorage in Frameworks */ = {isa = PBXBuildFile; productRef = D328275029BB5C1A00B1677A /* FirebaseStorage */; };
		D328275429BB5E5D00B1677A /* FirebaseFirestoreSwift in Frameworks */ = {isa = PBXBuildFile; productRef = D328275329BB5E5D00B1677A /* FirebaseFirestoreSwift */; };
		D328275629BB5E6400B1677A /* FirebaseDatabaseSwift in Frameworks */ = {isa = PBXBuildFile; productRef = D328275529BB5E6400B1677A /* FirebaseDatabaseSwift */; };
/* End PBXBuildFile section */

/* Begin PBXFileReference section */
		07539A3729BCB0AA00BF02BB /* AuthManager.swift */ = {isa = PBXFileReference; lastKnownFileType = sourcecode.swift; name = AuthManager.swift; path = ../../../../../../../../../Documents/AuthManager.swift; sourceTree = "<group>"; };
		07539A3929BCB0B200BF02BB /* LoginView.swift */ = {isa = PBXFileReference; lastKnownFileType = sourcecode.swift; name = LoginView.swift; path = "../../../../../../.Trash/ParkHere 13.48.01/ParkHere/Views/Launch/LoginView.swift"; sourceTree = "<group>"; };
		D328272B29B6149000B1677A /* ParkHere.app */ = {isa = PBXFileReference; explicitFileType = wrapper.application; includeInIndex = 0; path = ParkHere.app; sourceTree = BUILT_PRODUCTS_DIR; };
		D328272E29B6149000B1677A /* ParkHereApp.swift */ = {isa = PBXFileReference; lastKnownFileType = sourcecode.swift; path = ParkHereApp.swift; sourceTree = "<group>"; };
		D328273029B6149000B1677A /* ContentView.swift */ = {isa = PBXFileReference; lastKnownFileType = sourcecode.swift; path = ContentView.swift; sourceTree = "<group>"; };
		D328273229B6149200B1677A /* Assets.xcassets */ = {isa = PBXFileReference; lastKnownFileType = folder.assetcatalog; path = Assets.xcassets; sourceTree = "<group>"; };
		D328273529B6149200B1677A /* Preview Assets.xcassets */ = {isa = PBXFileReference; lastKnownFileType = folder.assetcatalog; path = "Preview Assets.xcassets"; sourceTree = "<group>"; };
		D328274529BB5AB000B1677A /* GoogleService-Info.plist */ = {isa = PBXFileReference; fileEncoding = 4; lastKnownFileType = text.plist.xml; path = "GoogleService-Info.plist"; sourceTree = "<group>"; };
/* End PBXFileReference section */

/* Begin PBXFrameworksBuildPhase section */
		D328272829B6149000B1677A /* Frameworks */ = {
			isa = PBXFrameworksBuildPhase;
			buildActionMask = 2147483647;
			files = (
				D328275629BB5E6400B1677A /* FirebaseDatabaseSwift in Frameworks */,
				D328274D29BB5C1A00B1677A /* FirebaseDatabase in Frameworks */,
				D328274F29BB5C1A00B1677A /* FirebaseFirestore in Frameworks */,
				D328274929BB5C1A00B1677A /* FirebaseAnalytics in Frameworks */,
				D328275129BB5C1A00B1677A /* FirebaseStorage in Frameworks */,
				D328274B29BB5C1A00B1677A /* FirebaseAuth in Frameworks */,
				D328275429BB5E5D00B1677A /* FirebaseFirestoreSwift in Frameworks */,
			);
			runOnlyForDeploymentPostprocessing = 0;
		};
/* End PBXFrameworksBuildPhase section */

/* Begin PBXGroup section */
		07539A3329BCB07C00BF02BB /* Sources */ = {
			isa = PBXGroup;
			children = (
				07539A3629BCB0A100BF02BB /* Manager */,
			);
			path = Sources;
			sourceTree = "<group>";
		};
		07539A3429BCB08F00BF02BB /* Views */ = {
			isa = PBXGroup;
			children = (
				07539A3529BCB09700BF02BB /* Launch */,
			);
			path = Views;
			sourceTree = "<group>";
		};
		07539A3529BCB09700BF02BB /* Launch */ = {
			isa = PBXGroup;
			children = (
				07539A3929BCB0B200BF02BB /* LoginView.swift */,
			);
			path = Launch;
			sourceTree = "<group>";
		};
		07539A3629BCB0A100BF02BB /* Manager */ = {
			isa = PBXGroup;
			children = (
				07539A3729BCB0AA00BF02BB /* AuthManager.swift */,
			);
			path = Manager;
			sourceTree = "<group>";
		};
		D328272229B6149000B1677A = {
			isa = PBXGroup;
			children = (
				D328272D29B6149000B1677A /* ParkHere */,
				D328272C29B6149000B1677A /* Products */,
				D328275229BB5E5D00B1677A /* Frameworks */,
			);
			sourceTree = "<group>";
		};
		D328272C29B6149000B1677A /* Products */ = {
			isa = PBXGroup;
			children = (
				D328272B29B6149000B1677A /* ParkHere.app */,
			);
			name = Products;
			sourceTree = "<group>";
		};
		D328272D29B6149000B1677A /* ParkHere */ = {
			isa = PBXGroup;
			children = (
				D328272E29B6149000B1677A /* ParkHereApp.swift */,
				D328273029B6149000B1677A /* ContentView.swift */,
				07539A3329BCB07C00BF02BB /* Sources */,
				07539A3429BCB08F00BF02BB /* Views */,
				D328273229B6149200B1677A /* Assets.xcassets */,
				D328274529BB5AB000B1677A /* GoogleService-Info.plist */,
				D328273429B6149200B1677A /* Preview Content */,
			);
			path = ParkHere;
			sourceTree = "<group>";
		};
		D328273429B6149200B1677A /* Preview Content */ = {
			isa = PBXGroup;
			children = (
				D328273529B6149200B1677A /* Preview Assets.xcassets */,
			);
			path = "Preview Content";
			sourceTree = "<group>";
		};
		D328275229BB5E5D00B1677A /* Frameworks */ = {
			isa = PBXGroup;
			children = (
			);
			name = Frameworks;
			sourceTree = "<group>";
		};
/* End PBXGroup section */

/* Begin PBXNativeTarget section */
		D328272A29B6149000B1677A /* ParkHere */ = {
			isa = PBXNativeTarget;
			buildConfigurationList = D328273929B6149200B1677A /* Build configuration list for PBXNativeTarget "ParkHere" */;
			buildPhases = (
				D328272729B6149000B1677A /* Sources */,
				D328272829B6149000B1677A /* Frameworks */,
				D328272929B6149000B1677A /* Resources */,
			);
			buildRules = (
			);
			dependencies = (
			);
			name = ParkHere;
			packageProductDependencies = (
				D328274829BB5C1A00B1677A /* FirebaseAnalytics */,
				D328274A29BB5C1A00B1677A /* FirebaseAuth */,
				D328274C29BB5C1A00B1677A /* FirebaseDatabase */,
				D328274E29BB5C1A00B1677A /* FirebaseFirestore */,
				D328275029BB5C1A00B1677A /* FirebaseStorage */,
				D328275329BB5E5D00B1677A /* FirebaseFirestoreSwift */,
				D328275529BB5E6400B1677A /* FirebaseDatabaseSwift */,
			);
			productName = ParkHere;
			productReference = D328272B29B6149000B1677A /* ParkHere.app */;
			productType = "com.apple.product-type.application";
		};
/* End PBXNativeTarget section */

/* Begin PBXProject section */
		D328272329B6149000B1677A /* Project object */ = {
			isa = PBXProject;
			attributes = {
				BuildIndependentTargetsInParallel = 1;
				LastSwiftUpdateCheck = 1420;
				LastUpgradeCheck = 1420;
				TargetAttributes = {
					D328272A29B6149000B1677A = {
						CreatedOnToolsVersion = 14.2;
					};
				};
			};
			buildConfigurationList = D328272629B6149000B1677A /* Build configuration list for PBXProject "ParkHere" */;
			compatibilityVersion = "Xcode 14.0";
			developmentRegion = en;
			hasScannedForEncodings = 0;
			knownRegions = (
				en,
				Base,
			);
			mainGroup = D328272229B6149000B1677A;
			packageReferences = (
				D328274729BB5C1A00B1677A /* XCRemoteSwiftPackageReference "firebase-ios-sdk" */,
			);
			productRefGroup = D328272C29B6149000B1677A /* Products */;
			projectDirPath = "";
			projectRoot = "";
			targets = (
				D328272A29B6149000B1677A /* ParkHere */,
			);
		};
/* End PBXProject section */

/* Begin PBXResourcesBuildPhase section */
		D328272929B6149000B1677A /* Resources */ = {
			isa = PBXResourcesBuildPhase;
			buildActionMask = 2147483647;
			files = (
				D328273629B6149200B1677A /* Preview Assets.xcassets in Resources */,
				D328273329B6149200B1677A /* Assets.xcassets in Resources */,
				D328274629BB5AB100B1677A /* GoogleService-Info.plist in Resources */,
			);
			runOnlyForDeploymentPostprocessing = 0;
		};
/* End PBXResourcesBuildPhase section */

/* Begin PBXSourcesBuildPhase section */
		D328272729B6149000B1677A /* Sources */ = {
			isa = PBXSourcesBuildPhase;
			buildActionMask = 2147483647;
			files = (
				D328273129B6149000B1677A /* ContentView.swift in Sources */,
				07539A3829BCB0AA00BF02BB /* AuthManager.swift in Sources */,
				07539A3A29BCB0B200BF02BB /* LoginView.swift in Sources */,
				D328272F29B6149000B1677A /* ParkHereApp.swift in Sources */,
			);
			runOnlyForDeploymentPostprocessing = 0;
		};
/* End PBXSourcesBuildPhase section */

/* Begin XCBuildConfiguration section */
		D328273729B6149200B1677A /* Debug */ = {
			isa = XCBuildConfiguration;
			buildSettings = {
				ALWAYS_SEARCH_USER_PATHS = NO;
				CLANG_ANALYZER_NONNULL = YES;
				CLANG_ANALYZER_NUMBER_OBJECT_CONVERSION = YES_AGGRESSIVE;
				CLANG_CXX_LANGUAGE_STANDARD = "gnu++20";
				CLANG_ENABLE_MODULES = YES;
				CLANG_ENABLE_OBJC_ARC = YES;
				CLANG_ENABLE_OBJC_WEAK = YES;
				CLANG_WARN_BLOCK_CAPTURE_AUTORELEASING = YES;
				CLANG_WARN_BOOL_CONVERSION = YES;
				CLANG_WARN_COMMA = YES;
				CLANG_WARN_CONSTANT_CONVERSION = YES;
				CLANG_WARN_DEPRECATED_OBJC_IMPLEMENTATIONS = YES;
				CLANG_WARN_DIRECT_OBJC_ISA_USAGE = YES_ERROR;
				CLANG_WARN_DOCUMENTATION_COMMENTS = YES;
				CLANG_WARN_EMPTY_BODY = YES;
				CLANG_WARN_ENUM_CONVERSION = YES;
				CLANG_WARN_INFINITE_RECURSION = YES;
				CLANG_WARN_INT_CONVERSION = YES;
				CLANG_WARN_NON_LITERAL_NULL_CONVERSION = YES;
				CLANG_WARN_OBJC_IMPLICIT_RETAIN_SELF = YES;
				CLANG_WARN_OBJC_LITERAL_CONVERSION = YES;
				CLANG_WARN_OBJC_ROOT_CLASS = YES_ERROR;
				CLANG_WARN_QUOTED_INCLUDE_IN_FRAMEWORK_HEADER = YES;
				CLANG_WARN_RANGE_LOOP_ANALYSIS = YES;
				CLANG_WARN_STRICT_PROTOTYPES = YES;
				CLANG_WARN_SUSPICIOUS_MOVE = YES;
				CLANG_WARN_UNGUARDED_AVAILABILITY = YES_AGGRESSIVE;
				CLANG_WARN_UNREACHABLE_CODE = YES;
				CLANG_WARN__DUPLICATE_METHOD_MATCH = YES;
				COPY_PHASE_STRIP = NO;
				DEBUG_INFORMATION_FORMAT = dwarf;
				ENABLE_STRICT_OBJC_MSGSEND = YES;
				ENABLE_TESTABILITY = YES;
				GCC_C_LANGUAGE_STANDARD = gnu11;
				GCC_DYNAMIC_NO_PIC = NO;
				GCC_NO_COMMON_BLOCKS = YES;
				GCC_OPTIMIZATION_LEVEL = 0;
				GCC_PREPROCESSOR_DEFINITIONS = (
					"DEBUG=1",
					"$(inherited)",
				);
				GCC_WARN_64_TO_32_BIT_CONVERSION = YES;
				GCC_WARN_ABOUT_RETURN_TYPE = YES_ERROR;
				GCC_WARN_UNDECLARED_SELECTOR = YES;
				GCC_WARN_UNINITIALIZED_AUTOS = YES_AGGRESSIVE;
				GCC_WARN_UNUSED_FUNCTION = YES;
				GCC_WARN_UNUSED_VARIABLE = YES;
				IPHONEOS_DEPLOYMENT_TARGET = 16.2;
				MTL_ENABLE_DEBUG_INFO = INCLUDE_SOURCE;
				MTL_FAST_MATH = YES;
				ONLY_ACTIVE_ARCH = YES;
				SDKROOT = iphoneos;
				SWIFT_ACTIVE_COMPILATION_CONDITIONS = DEBUG;
				SWIFT_OPTIMIZATION_LEVEL = "-Onone";
			};
			name = Debug;
		};
		D328273829B6149200B1677A /* Release */ = {
			isa = XCBuildConfiguration;
			buildSettings = {
				ALWAYS_SEARCH_USER_PATHS = NO;
				CLANG_ANALYZER_NONNULL = YES;
				CLANG_ANALYZER_NUMBER_OBJECT_CONVERSION = YES_AGGRESSIVE;
				CLANG_CXX_LANGUAGE_STANDARD = "gnu++20";
				CLANG_ENABLE_MODULES = YES;
				CLANG_ENABLE_OBJC_ARC = YES;
				CLANG_ENABLE_OBJC_WEAK = YES;
				CLANG_WARN_BLOCK_CAPTURE_AUTORELEASING = YES;
				CLANG_WARN_BOOL_CONVERSION = YES;
				CLANG_WARN_COMMA = YES;
				CLANG_WARN_CONSTANT_CONVERSION = YES;
				CLANG_WARN_DEPRECATED_OBJC_IMPLEMENTATIONS = YES;
				CLANG_WARN_DIRECT_OBJC_ISA_USAGE = YES_ERROR;
				CLANG_WARN_DOCUMENTATION_COMMENTS = YES;
				CLANG_WARN_EMPTY_BODY = YES;
				CLANG_WARN_ENUM_CONVERSION = YES;
				CLANG_WARN_INFINITE_RECURSION = YES;
				CLANG_WARN_INT_CONVERSION = YES;
				CLANG_WARN_NON_LITERAL_NULL_CONVERSION = YES;
				CLANG_WARN_OBJC_IMPLICIT_RETAIN_SELF = YES;
				CLANG_WARN_OBJC_LITERAL_CONVERSION = YES;
				CLANG_WARN_OBJC_ROOT_CLASS = YES_ERROR;
				CLANG_WARN_QUOTED_INCLUDE_IN_FRAMEWORK_HEADER = YES;
				CLANG_WARN_RANGE_LOOP_ANALYSIS = YES;
				CLANG_WARN_STRICT_PROTOTYPES = YES;
				CLANG_WARN_SUSPICIOUS_MOVE = YES;
				CLANG_WARN_UNGUARDED_AVAILABILITY = YES_AGGRESSIVE;
				CLANG_WARN_UNREACHABLE_CODE = YES;
				CLANG_WARN__DUPLICATE_METHOD_MATCH = YES;
				COPY_PHASE_STRIP = NO;
				DEBUG_INFORMATION_FORMAT = "dwarf-with-dsym";
				ENABLE_NS_ASSERTIONS = NO;
				ENABLE_STRICT_OBJC_MSGSEND = YES;
				GCC_C_LANGUAGE_STANDARD = gnu11;
				GCC_NO_COMMON_BLOCKS = YES;
				GCC_WARN_64_TO_32_BIT_CONVERSION = YES;
				GCC_WARN_ABOUT_RETURN_TYPE = YES_ERROR;
				GCC_WARN_UNDECLARED_SELECTOR = YES;
				GCC_WARN_UNINITIALIZED_AUTOS = YES_AGGRESSIVE;
				GCC_WARN_UNUSED_FUNCTION = YES;
				GCC_WARN_UNUSED_VARIABLE = YES;
				IPHONEOS_DEPLOYMENT_TARGET = 16.2;
				MTL_ENABLE_DEBUG_INFO = NO;
				MTL_FAST_MATH = YES;
				SDKROOT = iphoneos;
				SWIFT_COMPILATION_MODE = wholemodule;
				SWIFT_OPTIMIZATION_LEVEL = "-O";
				VALIDATE_PRODUCT = YES;
			};
			name = Release;
		};
		D328273A29B6149200B1677A /* Debug */ = {
			isa = XCBuildConfiguration;
			buildSettings = {
				ASSETCATALOG_COMPILER_APPICON_NAME = AppIcon;
				ASSETCATALOG_COMPILER_GLOBAL_ACCENT_COLOR_NAME = AccentColor;
				CODE_SIGN_STYLE = Automatic;
				CURRENT_PROJECT_VERSION = 1;
				DEVELOPMENT_ASSET_PATHS = "\"ParkHere/Preview Content\"";
				DEVELOPMENT_TEAM = 2637HTLV24;
				ENABLE_PREVIEWS = YES;
				GENERATE_INFOPLIST_FILE = YES;
				INFOPLIST_KEY_UIApplicationSceneManifest_Generation = YES;
				INFOPLIST_KEY_UIApplicationSupportsIndirectInputEvents = YES;
				INFOPLIST_KEY_UILaunchScreen_Generation = YES;
				INFOPLIST_KEY_UISupportedInterfaceOrientations_iPad = "UIInterfaceOrientationPortrait UIInterfaceOrientationPortraitUpsideDown UIInterfaceOrientationLandscapeLeft UIInterfaceOrientationLandscapeRight";
				INFOPLIST_KEY_UISupportedInterfaceOrientations_iPhone = "UIInterfaceOrientationPortrait UIInterfaceOrientationLandscapeLeft UIInterfaceOrientationLandscapeRight";
				LD_RUNPATH_SEARCH_PATHS = (
					"$(inherited)",
					"@executable_path/Frameworks",
				);
				MARKETING_VERSION = 1.0;
				PRODUCT_BUNDLE_IDENTIFIER = JakubPrus.ParkHere;
				PRODUCT_NAME = "$(TARGET_NAME)";
				SWIFT_EMIT_LOC_STRINGS = YES;
				SWIFT_VERSION = 5.0;
				TARGETED_DEVICE_FAMILY = "1,2";
			};
			name = Debug;
		};
		D328273B29B6149200B1677A /* Release */ = {
			isa = XCBuildConfiguration;
			buildSettings = {
				ASSETCATALOG_COMPILER_APPICON_NAME = AppIcon;
				ASSETCATALOG_COMPILER_GLOBAL_ACCENT_COLOR_NAME = AccentColor;
				CODE_SIGN_STYLE = Automatic;
				CURRENT_PROJECT_VERSION = 1;
				DEVELOPMENT_ASSET_PATHS = "\"ParkHere/Preview Content\"";
				DEVELOPMENT_TEAM = 2637HTLV24;
				ENABLE_PREVIEWS = YES;
				GENERATE_INFOPLIST_FILE = YES;
				INFOPLIST_KEY_UIApplicationSceneManifest_Generation = YES;
				INFOPLIST_KEY_UIApplicationSupportsIndirectInputEvents = YES;
				INFOPLIST_KEY_UILaunchScreen_Generation = YES;
				INFOPLIST_KEY_UISupportedInterfaceOrientations_iPad = "UIInterfaceOrientationPortrait UIInterfaceOrientationPortraitUpsideDown UIInterfaceOrientationLandscapeLeft UIInterfaceOrientationLandscapeRight";
				INFOPLIST_KEY_UISupportedInterfaceOrientations_iPhone = "UIInterfaceOrientationPortrait UIInterfaceOrientationLandscapeLeft UIInterfaceOrientationLandscapeRight";
				LD_RUNPATH_SEARCH_PATHS = (
					"$(inherited)",
					"@executable_path/Frameworks",
				);
				MARKETING_VERSION = 1.0;
				PRODUCT_BUNDLE_IDENTIFIER = JakubPrus.ParkHere;
				PRODUCT_NAME = "$(TARGET_NAME)";
				SWIFT_EMIT_LOC_STRINGS = YES;
				SWIFT_VERSION = 5.0;
				TARGETED_DEVICE_FAMILY = "1,2";
			};
			name = Release;
		};
/* End XCBuildConfiguration section */

/* Begin XCConfigurationList section */
		D328272629B6149000B1677A /* Build configuration list for PBXProject "ParkHere" */ = {
			isa = XCConfigurationList;
			buildConfigurations = (
				D328273729B6149200B1677A /* Debug */,
				D328273829B6149200B1677A /* Release */,
			);
			defaultConfigurationIsVisible = 0;
			defaultConfigurationName = Release;
		};
		D328273929B6149200B1677A /* Build configuration list for PBXNativeTarget "ParkHere" */ = {
			isa = XCConfigurationList;
			buildConfigurations = (
				D328273A29B6149200B1677A /* Debug */,
				D328273B29B6149200B1677A /* Release */,
			);
			defaultConfigurationIsVisible = 0;
			defaultConfigurationName = Release;
		};
/* End XCConfigurationList section */

/* Begin XCRemoteSwiftPackageReference section */
		D328274729BB5C1A00B1677A /* XCRemoteSwiftPackageReference "firebase-ios-sdk" */ = {
			isa = XCRemoteSwiftPackageReference;
			repositoryURL = "https://github.com/firebase/firebase-ios-sdk";
			requirement = {
				branch = master;
				kind = branch;
			};
		};
/* End XCRemoteSwiftPackageReference section */

/* Begin XCSwiftPackageProductDependency section */
		D328274829BB5C1A00B1677A /* FirebaseAnalytics */ = {
			isa = XCSwiftPackageProductDependency;
			package = D328274729BB5C1A00B1677A /* XCRemoteSwiftPackageReference "firebase-ios-sdk" */;
			productName = FirebaseAnalytics;
		};
		D328274A29BB5C1A00B1677A /* FirebaseAuth */ = {
			isa = XCSwiftPackageProductDependency;
			package = D328274729BB5C1A00B1677A /* XCRemoteSwiftPackageReference "firebase-ios-sdk" */;
			productName = FirebaseAuth;
		};
		D328274C29BB5C1A00B1677A /* FirebaseDatabase */ = {
			isa = XCSwiftPackageProductDependency;
			package = D328274729BB5C1A00B1677A /* XCRemoteSwiftPackageReference "firebase-ios-sdk" */;
			productName = FirebaseDatabase;
		};
		D328274E29BB5C1A00B1677A /* FirebaseFirestore */ = {
			isa = XCSwiftPackageProductDependency;
			package = D328274729BB5C1A00B1677A /* XCRemoteSwiftPackageReference "firebase-ios-sdk" */;
			productName = FirebaseFirestore;
		};
		D328275029BB5C1A00B1677A /* FirebaseStorage */ = {
			isa = XCSwiftPackageProductDependency;
			package = D328274729BB5C1A00B1677A /* XCRemoteSwiftPackageReference "firebase-ios-sdk" */;
			productName = FirebaseStorage;
		};
		D328275329BB5E5D00B1677A /* FirebaseFirestoreSwift */ = {
			isa = XCSwiftPackageProductDependency;
			package = D328274729BB5C1A00B1677A /* XCRemoteSwiftPackageReference "firebase-ios-sdk" */;
			productName = FirebaseFirestoreSwift;
		};
		D328275529BB5E6400B1677A /* FirebaseDatabaseSwift */ = {
			isa = XCSwiftPackageProductDependency;
			package = D328274729BB5C1A00B1677A /* XCRemoteSwiftPackageReference "firebase-ios-sdk" */;
			productName = FirebaseDatabaseSwift;
		};
/* End XCSwiftPackageProductDependency section */
	};
	rootObject = D328272329B6149000B1677A /* Project object */;
}
